
Microsoft Visual Studio Solution File, Format Version 12.00
# Visual Studio Version 16
VisualStudioVersion = 16.0.30717.126
MinimumVisualStudioVersion = 10.0.40219.1
Project("{FAE04EC0-301F-11D3-BF4B-00C04F79EFBC}") = "GihanSoft.FontInstaller", "GihanSoft.FontInstaller\GihanSoft.FontInstaller.csproj", "{CCFEB160-9BA1-4361-BC4D-DB3DE5AD1FCE}"
EndProject
Global
	GlobalSection(SolutionConfigurationPlatforms) = preSolution
		Debug|Any CPU = Debug|Any CPU
		Release|Any CPU = Release|Any CPU
	EndGlobalSection
	GlobalSection(ProjectConfigurationPlatforms) = postSolution
		{CCFEB160-9BA1-4361-BC4D-DB3DE5AD1FCE}.Debug|Any CPU.ActiveCfg = Debug|Any CPU
		{CCFEB160-9BA1-4361-BC4D-DB3DE5AD1FCE}.Debug|Any CPU.Build.0 = Debug|Any CPU
		{CCFEB160-9BA1-4361-BC4D-DB3DE5AD1FCE}.Release|Any CPU.ActiveCfg = Release|Any CPU
		{CCFEB160-9BA1-4361-BC4D-DB3DE5AD1FCE}.Release|Any CPU.Build.0 = Release|Any CPU
	EndGlobalSection
	GlobalSection(SolutionProperties) = preSolution
		HideSolutionNode = FALSE
	EndGlobalSection
	GlobalSection(ExtensibilityGlobals) = postSolution
		SolutionGuid = {9922A86E-35CF-487C-A21A-641F71B30055}
	EndGlobalSection
EndGlobal
